// !$*UTF8*$!
{
	archiveVersion = 1;
	classes = {
	};
	objectVersion = 55;
	objects = {

/* Begin PBXBuildFile section */
		BB64D360275EB52600CDE078 /* AppDelegate.swift in Sources */ = {isa = PBXBuildFile; fileRef = BB64D35F275EB52600CDE078 /* AppDelegate.swift */; };
		BB64D362275EB52600CDE078 /* SceneDelegate.swift in Sources */ = {isa = PBXBuildFile; fileRef = BB64D361275EB52600CDE078 /* SceneDelegate.swift */; };
		BB64D364275EB52600CDE078 /* ViewController.swift in Sources */ = {isa = PBXBuildFile; fileRef = BB64D363275EB52600CDE078 /* ViewController.swift */; };
		BB64D367275EB52600CDE078 /* Main.storyboard in Resources */ = {isa = PBXBuildFile; fileRef = BB64D365275EB52600CDE078 /* Main.storyboard */; };
		BB64D369275EB52700CDE078 /* Assets.xcassets in Resources */ = {isa = PBXBuildFile; fileRef = BB64D368275EB52700CDE078 /* Assets.xcassets */; };
		BB64D36C275EB52700CDE078 /* LaunchScreen.storyboard in Resources */ = {isa = PBXBuildFile; fileRef = BB64D36A275EB52700CDE078 /* LaunchScreen.storyboard */; };
		BC8E225ED1BF68752BDC4412 /* Pods_Test_PieChart.framework in Frameworks */ = {isa = PBXBuildFile; fileRef = F0B9DAB3521A83F1CB3665B4 /* Pods_Test_PieChart.framework */; };
/* End PBXBuildFile section */

/* Begin PBXFileReference section */
		77125078E09AAB0F9B5B918E /* Pods-Test-PieChart.debug.xcconfig */ = {isa = PBXFileReference; includeInIndex = 1; lastKnownFileType = text.xcconfig; name = "Pods-Test-PieChart.debug.xcconfig"; path = "Target Support Files/Pods-Test-PieChart/Pods-Test-PieChart.debug.xcconfig"; sourceTree = "<group>"; };
		969D13098F51484373FF8F7F /* Pods-Test-PieChart.release.xcconfig */ = {isa = PBXFileReference; includeInIndex = 1; lastKnownFileType = text.xcconfig; name = "Pods-Test-PieChart.release.xcconfig"; path = "Target Support Files/Pods-Test-PieChart/Pods-Test-PieChart.release.xcconfig"; sourceTree = "<group>"; };
		BB64D35C275EB52600CDE078 /* Test-PieChart.app */ = {isa = PBXFileReference; explicitFileType = wrapper.application; includeInIndex = 0; path = "Test-PieChart.app"; sourceTree = BUILT_PRODUCTS_DIR; };
		BB64D35F275EB52600CDE078 /* AppDelegate.swift */ = {isa = PBXFileReference; lastKnownFileType = sourcecode.swift; path = AppDelegate.swift; sourceTree = "<group>"; };
		BB64D361275EB52600CDE078 /* SceneDelegate.swift */ = {isa = PBXFileReference; lastKnownFileType = sourcecode.swift; path = SceneDelegate.swift; sourceTree = "<group>"; };
		BB64D363275EB52600CDE078 /* ViewController.swift */ = {isa = PBXFileReference; lastKnownFileType = sourcecode.swift; path = ViewController.swift; sourceTree = "<group>"; };
		BB64D366275EB52600CDE078 /* Base */ = {isa = PBXFileReference; lastKnownFileType = file.storyboard; name = Base; path = Base.lproj/Main.storyboard; sourceTree = "<group>"; };
		BB64D368275EB52700CDE078 /* Assets.xcassets */ = {isa = PBXFileReference; lastKnownFileType = folder.assetcatalog; path = Assets.xcassets; sourceTree = "<group>"; };
		BB64D36B275EB52700CDE078 /* Base */ = {isa = PBXFileReference; lastKnownFileType = file.storyboard; name = Base; path = Base.lproj/LaunchScreen.storyboard; sourceTree = "<group>"; };
		BB64D36D275EB52700CDE078 /* Info.plist */ = {isa = PBXFileReference; lastKnownFileType = text.plist.xml; path = Info.plist; sourceTree = "<group>"; };
		F0B9DAB3521A83F1CB3665B4 /* Pods_Test_PieChart.framework */ = {isa = PBXFileReference; explicitFileType = wrapper.framework; includeInIndex = 0; path = Pods_Test_PieChart.framework; sourceTree = BUILT_PRODUCTS_DIR; };
/* End PBXFileReference section */

/* Begin PBXFrameworksBuildPhase section */
		BB64D359275EB52600CDE078 /* Frameworks */ = {
			isa = PBXFrameworksBuildPhase;
			buildActionMask = 2147483647;
			files = (
				BC8E225ED1BF68752BDC4412 /* Pods_Test_PieChart.framework in Frameworks */,
			);
			runOnlyForDeploymentPostprocessing = 0;
		};
/* End PBXFrameworksBuildPhase section */

/* Begin PBXGroup section */
		81288A10AD806EAC43D33A78 /* Pods */ = {
			isa = PBXGroup;
			children = (
				77125078E09AAB0F9B5B918E /* Pods-Test-PieChart.debug.xcconfig */,
				969D13098F51484373FF8F7F /* Pods-Test-PieChart.release.xcconfig */,
			);
			name = Pods;
			path = Pods;
			sourceTree = "<group>";
		};
		92B54AB30967D7E89E109B47 /* Frameworks */ = {
			isa = PBXGroup;
			children = (
				F0B9DAB3521A83F1CB3665B4 /* Pods_Test_PieChart.framework */,
			);
			name = Frameworks;
			sourceTree = "<group>";
		};
		BB64D353275EB52600CDE078 = {
			isa = PBXGroup;
			children = (
				BB64D35E275EB52600CDE078 /* Test-PieChart */,
				BB64D35D275EB52600CDE078 /* Products */,
				81288A10AD806EAC43D33A78 /* Pods */,
				92B54AB30967D7E89E109B47 /* Frameworks */,
			);
			sourceTree = "<group>";
		};
		BB64D35D275EB52600CDE078 /* Products */ = {
			isa = PBXGroup;
			children = (
				BB64D35C275EB52600CDE078 /* Test-PieChart.app */,
			);
			name = Products;
			sourceTree = "<group>";
		};
		BB64D35E275EB52600CDE078 /* Test-PieChart */ = {
			isa = PBXGroup;
			children = (
				BB64D35F275EB52600CDE078 /* AppDelegate.swift */,
				BB64D361275EB52600CDE078 /* SceneDelegate.swift */,
				BB64D363275EB52600CDE078 /* ViewController.swift */,
				BB64D365275EB52600CDE078 /* Main.storyboard */,
				BB64D368275EB52700CDE078 /* Assets.xcassets */,
				BB64D36A275EB52700CDE078 /* LaunchScreen.storyboard */,
				BB64D36D275EB52700CDE078 /* Info.plist */,
			);
			path = "Test-PieChart";
			sourceTree = "<group>";
		};
/* End PBXGroup section */

/* Begin PBXNativeTarget section */
		BB64D35B275EB52600CDE078 /* Test-PieChart */ = {
			isa = PBXNativeTarget;
			buildConfigurationList = BB64D370275EB52800CDE078 /* Build configuration list for PBXNativeTarget "Test-PieChart" */;
			buildPhases = (
				90ADC564B8DEDC4A98887BC3 /* [CP] Check Pods Manifest.lock */,
				BB64D358275EB52600CDE078 /* Sources */,
				BB64D359275EB52600CDE078 /* Frameworks */,
				BB64D35A275EB52600CDE078 /* Resources */,
				DB215F7301D326C3A16BBE9C /* [CP] Embed Pods Frameworks */,
			);
			buildRules = (
			);
			dependencies = (
			);
			name = "Test-PieChart";
			productName = "Test-PieChart";
			productReference = BB64D35C275EB52600CDE078 /* Test-PieChart.app */;
			productType = "com.apple.product-type.application";
		};
/* End PBXNativeTarget section */

/* Begin PBXProject section */
		BB64D354275EB52600CDE078 /* Project object */ = {
			isa = PBXProject;
			attributes = {
				BuildIndependentTargetsInParallel = 1;
				LastSwiftUpdateCheck = 1310;
				LastUpgradeCheck = 1310;
				TargetAttributes = {
					BB64D35B275EB52600CDE078 = {
						CreatedOnToolsVersion = 13.1;
					};
				};
			};
			buildConfigurationList = BB64D357275EB52600CDE078 /* Build configuration list for PBXProject "Test-PieChart" */;
			compatibilityVersion = "Xcode 13.0";
			developmentRegion = en;
			hasScannedForEncodings = 0;
			knownRegions = (
				en,
				Base,
			);
			mainGroup = BB64D353275EB52600CDE078;
			productRefGroup = BB64D35D275EB52600CDE078 /* Products */;
			projectDirPath = "";
			projectRoot = "";
			targets = (
				BB64D35B275EB52600CDE078 /* Test-PieChart */,
			);
		};
/* End PBXProject section */

/* Begin PBXResourcesBuildPhase section */
		BB64D35A275EB52600CDE078 /* Resources */ = {
			isa = PBXResourcesBuildPhase;
			buildActionMask = 2147483647;
			files = (
				BB64D36C275EB52700CDE078 /* LaunchScreen.storyboard in Resources */,
				BB64D369275EB52700CDE078 /* Assets.xcassets in Resources */,
				BB64D367275EB52600CDE078 /* Main.storyboard in Resources */,
			);
			runOnlyForDeploymentPostprocessing = 0;
		};
/* End PBXResourcesBuildPhase section */

/* Begin PBXShellScriptBuildPhase section */
		90ADC564B8DEDC4A98887BC3 /* [CP] Check Pods Manifest.lock */ = {
			isa = PBXShellScriptBuildPhase;
			buildActionMask = 2147483647;
			files = (
			);
			inputFileListPaths = (
			);
			inputPaths = (
				"${PODS_PODFILE_DIR_PATH}/Podfile.lock",
				"${PODS_ROOT}/Manifest.lock",
			);
			name = "[CP] Check Pods Manifest.lock";
			outputFileListPaths = (
			);
			outputPaths = (
				"$(DERIVED_FILE_DIR)/Pods-Test-PieChart-checkManifestLockResult.txt",
			);
			runOnlyForDeploymentPostprocessing = 0;
			shellPath = /bin/sh;
			shellScript = "diff \"${PODS_PODFILE_DIR_PATH}/Podfile.lock\" \"${PODS_ROOT}/Manifest.lock\" > /dev/null\nif [ $? != 0 ] ; then\n    # print error to STDERR\n    echo \"error: The sandbox is not in sync with the Podfile.lock. Run 'pod install' or update your CocoaPods installation.\" >&2\n    exit 1\nfi\n# This output is used by Xcode 'outputs' to avoid re-running this script phase.\necho \"SUCCESS\" > \"${SCRIPT_OUTPUT_FILE_0}\"\n";
			showEnvVarsInLog = 0;
		};
		DB215F7301D326C3A16BBE9C /* [CP] Embed Pods Frameworks */ = {
			isa = PBXShellScriptBuildPhase;
			buildActionMask = 2147483647;
			files = (
			);
			inputFileListPaths = (
				"${PODS_ROOT}/Target Support Files/Pods-Test-PieChart/Pods-Test-PieChart-frameworks-${CONFIGURATION}-input-files.xcfilelist",
			);
			name = "[CP] Embed Pods Frameworks";
			outputFileListPaths = (
				"${PODS_ROOT}/Target Support Files/Pods-Test-PieChart/Pods-Test-PieChart-frameworks-${CONFIGURATION}-output-files.xcfilelist",
			);
			runOnlyForDeploymentPostprocessing = 0;
			shellPath = /bin/sh;
			shellScript = "\"${PODS_ROOT}/Target Support Files/Pods-Test-PieChart/Pods-Test-PieChart-frameworks.sh\"\n";
			showEnvVarsInLog = 0;
		};
/* End PBXShellScriptBuildPhase section */

/* Begin PBXSourcesBuildPhase section */
		BB64D358275EB52600CDE078 /* Sources */ = {
			isa = PBXSourcesBuildPhase;
			buildActionMask = 2147483647;
			files = (
				BB64D364275EB52600CDE078 /* ViewController.swift in Sources */,
				BB64D360275EB52600CDE078 /* AppDelegate.swift in Sources */,
				BB64D362275EB52600CDE078 /* SceneDelegate.swift in Sources */,
			);
			runOnlyForDeploymentPostprocessing = 0;
		};
/* End PBXSourcesBuildPhase section */

/* Begin PBXVariantGroup section */
		BB64D365275EB52600CDE078 /* Main.storyboard */ = {
			isa = PBXVariantGroup;
			children = (
				BB64D366275EB52600CDE078 /* Base */,
			);
			name = Main.storyboard;
			sourceTree = "<group>";
		};
		BB64D36A275EB52700CDE078 /* LaunchScreen.storyboard */ = {
			isa = PBXVariantGroup;
			children = (
				BB64D36B275EB52700CDE078 /* Base */,
			);
			name = LaunchScreen.storyboard;
			sourceTree = "<group>";
		};
/* End PBXVariantGroup section */

/* Begin XCBuildConfiguration section */
		BB64D36E275EB52800CDE078 /* Debug */ = {
			isa = XCBuildConfiguration;
			buildSettings = {
				ALWAYS_SEARCH_USER_PATHS = NO;
				CLANG_ANALYZER_NONNULL = YES;
				CLANG_ANALYZER_NUMBER_OBJECT_CONVERSION = YES_AGGRESSIVE;
				CLANG_CXX_LANGUAGE_STANDARD = "gnu++17";
				CLANG_CXX_LIBRARY = "libc++";
				CLANG_ENABLE_MODULES = YES;
				CLANG_ENABLE_OBJC_ARC = YES;
				CLANG_ENABLE_OBJC_WEAK = YES;
				CLANG_WARN_BLOCK_CAPTURE_AUTORELEASING = YES;
				CLANG_WARN_BOOL_CONVERSION = YES;
				CLANG_WARN_COMMA = YES;
				CLANG_WARN_CONSTANT_CONVERSION = YES;
				CLANG_WARN_DEPRECATED_OBJC_IMPLEMENTATIONS = YES;
				CLANG_WARN_DIRECT_OBJC_ISA_USAGE = YES_ERROR;
				CLANG_WARN_DOCUMENTATION_COMMENTS = YES;
				CLANG_WARN_EMPTY_BODY = YES;
				CLANG_WARN_ENUM_CONVERSION = YES;
				CLANG_WARN_INFINITE_RECURSION = YES;
				CLANG_WARN_INT_CONVERSION = YES;
				CLANG_WARN_NON_LITERAL_NULL_CONVERSION = YES;
				CLANG_WARN_OBJC_IMPLICIT_RETAIN_SELF = YES;
				CLANG_WARN_OBJC_LITERAL_CONVERSION = YES;
				CLANG_WARN_OBJC_ROOT_CLASS = YES_ERROR;
				CLANG_WARN_QUOTED_INCLUDE_IN_FRAMEWORK_HEADER = YES;
				CLANG_WARN_RANGE_LOOP_ANALYSIS = YES;
				CLANG_WARN_STRICT_PROTOTYPES = YES;
				CLANG_WARN_SUSPICIOUS_MOVE = YES;
				CLANG_WARN_UNGUARDED_AVAILABILITY = YES_AGGRESSIVE;
				CLANG_WARN_UNREACHABLE_CODE = YES;
				CLANG_WARN__DUPLICATE_METHOD_MATCH = YES;
				COPY_PHASE_STRIP = NO;
				DEBUG_INFORMATION_FORMAT = dwarf;
				ENABLE_STRICT_OBJC_MSGSEND = YES;
				ENABLE_TESTABILITY = YES;
				GCC_C_LANGUAGE_STANDARD = gnu11;
				GCC_DYNAMIC_NO_PIC = NO;
				GCC_NO_COMMON_BLOCKS = YES;
				GCC_OPTIMIZATION_LEVEL = 0;
				GCC_PREPROCESSOR_DEFINITIONS = (
					"DEBUG=1",
					"$(inherited)",
				);
				GCC_WARN_64_TO_32_BIT_CONVERSION = YES;
				GCC_WARN_ABOUT_RETURN_TYPE = YES_ERROR;
				GCC_WARN_UNDECLARED_SELECTOR = YES;
				GCC_WARN_UNINITIALIZED_AUTOS = YES_AGGRESSIVE;
				GCC_WARN_UNUSED_FUNCTION = YES;
				GCC_WARN_UNUSED_VARIABLE = YES;
				IPHONEOS_DEPLOYMENT_TARGET = 14.0;
				MTL_ENABLE_DEBUG_INFO = INCLUDE_SOURCE;
				MTL_FAST_MATH = YES;
				ONLY_ACTIVE_ARCH = YES;
				SDKROOT = iphoneos;
				SWIFT_ACTIVE_COMPILATION_CONDITIONS = DEBUG;
				SWIFT_OPTIMIZATION_LEVEL = "-Onone";
			};
			name = Debug;
		};
		BB64D36F275EB52800CDE078 /* Release */ = {
			isa = XCBuildConfiguration;
			buildSettings = {
				ALWAYS_SEARCH_USER_PATHS = NO;
				CLANG_ANALYZER_NONNULL = YES;
				CLANG_ANALYZER_NUMBER_OBJECT_CONVERSION = YES_AGGRESSIVE;
				CLANG_CXX_LANGUAGE_STANDARD = "gnu++17";
				CLANG_CXX_LIBRARY = "libc++";
				CLANG_ENABLE_MODULES = YES;
				CLANG_ENABLE_OBJC_ARC = YES;
				CLANG_ENABLE_OBJC_WEAK = YES;
				CLANG_WARN_BLOCK_CAPTURE_AUTORELEASING = YES;
				CLANG_WARN_BOOL_CONVERSION = YES;
				CLANG_WARN_COMMA = YES;
				CLANG_WARN_CONSTANT_CONVERSION = YES;
				CLANG_WARN_DEPRECATED_OBJC_IMPLEMENTATIONS = YES;
				CLANG_WARN_DIRECT_OBJC_ISA_USAGE = YES_ERROR;
				CLANG_WARN_DOCUMENTATION_COMMENTS = YES;
				CLANG_WARN_EMPTY_BODY = YES;
				CLANG_WARN_ENUM_CONVERSION = YES;
				CLANG_WARN_INFINITE_RECURSION = YES;
				CLANG_WARN_INT_CONVERSION = YES;
				CLANG_WARN_NON_LITERAL_NULL_CONVERSION = YES;
				CLANG_WARN_OBJC_IMPLICIT_RETAIN_SELF = YES;
				CLANG_WARN_OBJC_LITERAL_CONVERSION = YES;
				CLANG_WARN_OBJC_ROOT_CLASS = YES_ERROR;
				CLANG_WARN_QUOTED_INCLUDE_IN_FRAMEWORK_HEADER = YES;
				CLANG_WARN_RANGE_LOOP_ANALYSIS = YES;
				CLANG_WARN_STRICT_PROTOTYPES = YES;
				CLANG_WARN_SUSPICIOUS_MOVE = YES;
				CLANG_WARN_UNGUARDED_AVAILABILITY = YES_AGGRESSIVE;
				CLANG_WARN_UNREACHABLE_CODE = YES;
				CLANG_WARN__DUPLICATE_METHOD_MATCH = YES;
				COPY_PHASE_STRIP = NO;
				DEBUG_INFORMATION_FORMAT = "dwarf-with-dsym";
				ENABLE_NS_ASSERTIONS = NO;
				ENABLE_STRICT_OBJC_MSGSEND = YES;
				GCC_C_LANGUAGE_STANDARD = gnu11;
				GCC_NO_COMMON_BLOCKS = YES;
				GCC_WARN_64_TO_32_BIT_CONVERSION = YES;
				GCC_WARN_ABOUT_RETURN_TYPE = YES_ERROR;
				GCC_WARN_UNDECLARED_SELECTOR = YES;
				GCC_WARN_UNINITIALIZED_AUTOS = YES_AGGRESSIVE;
				GCC_WARN_UNUSED_FUNCTION = YES;
				GCC_WARN_UNUSED_VARIABLE = YES;
				IPHONEOS_DEPLOYMENT_TARGET = 14.0;
				MTL_ENABLE_DEBUG_INFO = NO;
				MTL_FAST_MATH = YES;
				SDKROOT = iphoneos;
				SWIFT_COMPILATION_MODE = wholemodule;
				SWIFT_OPTIMIZATION_LEVEL = "-O";
				VALIDATE_PRODUCT = YES;
			};
			name = Release;
		};
		BB64D371275EB52800CDE078 /* Debug */ = {
			isa = XCBuildConfiguration;
			baseConfigurationReference = 77125078E09AAB0F9B5B918E /* Pods-Test-PieChart.debug.xcconfig */;
			buildSettings = {
				ASSETCATALOG_COMPILER_APPICON_NAME = AppIcon;
				ASSETCATALOG_COMPILER_GLOBAL_ACCENT_COLOR_NAME = AccentColor;
				CODE_SIGN_STYLE = Automatic;
				CURRENT_PROJECT_VERSION = 1;
				DEVELOPMENT_TEAM = XYY68H4963;
				GENERATE_INFOPLIST_FILE = YES;
				INFOPLIST_FILE = "Test-PieChart/Info.plist";
				INFOPLIST_KEY_UIApplicationSupportsIndirectInputEvents = YES;
				INFOPLIST_KEY_UILaunchStoryboardName = LaunchScreen;
				INFOPLIST_KEY_UIMainStoryboardFile = Main;
				INFOPLIST_KEY_UISupportedInterfaceOrientations_iPad = "UIInterfaceOrientationPortrait UIInterfaceOrientationPortraitUpsideDown UIInterfaceOrientationLandscapeLeft UIInterfaceOrientationLandscapeRight";
				INFOPLIST_KEY_UISupportedInterfaceOrientations_iPhone = "UIInterfaceOrientationPortrait UIInterfaceOrientationLandscapeLeft UIInterfaceOrientationLandscapeRight";
				IPHONEOS_DEPLOYMENT_TARGET = 14.0;
				LD_RUNPATH_SEARCH_PATHS = (
					"$(inherited)",
					"@executable_path/Frameworks",
				);
				MARKETING_VERSION = 1.0;
				PRODUCT_BUNDLE_IDENTIFIER = "me.alireza.Test-PieChart";
				PRODUCT_NAME = "$(TARGET_NAME)";
				SWIFT_EMIT_LOC_STRINGS = YES;
				SWIFT_VERSION = 5.0;
				TARGETED_DEVICE_FAMILY = "1,2";
			};
			name = Debug;
		};
		BB64D372275EB52800CDE078 /* Release */ = {
			isa = XCBuildConfiguration;
			baseConfigurationReference = 969D13098F51484373FF8F7F /* Pods-Test-PieChart.release.xcconfig */;
			buildSettings = {
				ASSETCATALOG_COMPILER_APPICON_NAME = AppIcon;
				ASSETCATALOG_COMPILER_GLOBAL_ACCENT_COLOR_NAME = AccentColor;
				CODE_SIGN_STYLE = Automatic;
				CURRENT_PROJECT_VERSION = 1;
				DEVELOPMENT_TEAM = XYY68H4963;
				GENERATE_INFOPLIST_FILE = YES;
				INFOPLIST_FILE = "Test-PieChart/Info.plist";
				INFOPLIST_KEY_UIApplicationSupportsIndirectInputEvents = YES;
				INFOPLIST_KEY_UILaunchStoryboardName = LaunchScreen;
				INFOPLIST_KEY_UIMainStoryboardFile = Main;
				INFOPLIST_KEY_UISupportedInterfaceOrientations_iPad = "UIInterfaceOrientationPortrait UIInterfaceOrientationPortraitUpsideDown UIInterfaceOrientationLandscapeLeft UIInterfaceOrientationLandscapeRight";
				INFOPLIST_KEY_UISupportedInterfaceOrientations_iPhone = "UIInterfaceOrientationPortrait UIInterfaceOrientationLandscapeLeft UIInterfaceOrientationLandscapeRight";
				IPHONEOS_DEPLOYMENT_TARGET = 14.0;
				LD_RUNPATH_SEARCH_PATHS = (
					"$(inherited)",
					"@executable_path/Frameworks",
				);
				MARKETING_VERSION = 1.0;
				PRODUCT_BUNDLE_IDENTIFIER = "me.alireza.Test-PieChart";
				PRODUCT_NAME = "$(TARGET_NAME)";
				SWIFT_EMIT_LOC_STRINGS = YES;
				SWIFT_VERSION = 5.0;
				TARGETED_DEVICE_FAMILY = "1,2";
			};
			name = Release;
		};
/* End XCBuildConfiguration section */

/* Begin XCConfigurationList section */
		BB64D357275EB52600CDE078 /* Build configuration list for PBXProject "Test-PieChart" */ = {
			isa = XCConfigurationList;
			buildConfigurations = (
				BB64D36E275EB52800CDE078 /* Debug */,
				BB64D36F275EB52800CDE078 /* Release */,
			);
			defaultConfigurationIsVisible = 0;
			defaultConfigurationName = Release;
		};
		BB64D370275EB52800CDE078 /* Build configuration list for PBXNativeTarget "Test-PieChart" */ = {
			isa = XCConfigurationList;
			buildConfigurations = (
				BB64D371275EB52800CDE078 /* Debug */,
				BB64D372275EB52800CDE078 /* Release */,
			);
			defaultConfigurationIsVisible = 0;
			defaultConfigurationName = Release;
		};
/* End XCConfigurationList section */
	};
	rootObject = BB64D354275EB52600CDE078 /* Project object */;
}
